{
    "compile": {
        "cglib:cglib-nodep": {
            "locked": "3.2.2",
            "requested": "3.2.2"
        },
        "com.google.guava:guava": {
            "locked": "19.0",
            "requested": "19.0"
        },
        "commons-io:commons-io": {
            "locked": "2.5",
            "requested": "2.5"
        },
        "org.objenesis:objenesis": {
            "locked": "2.4",
            "requested": "2.4"
        },
        "org.spockframework:spock-core": {
            "locked": "1.1-groovy-2.4-rc-4",
            "requested": "1.1-groovy-2.4-rc-4"
        }
    },
    "compileClasspath": {
        "cglib:cglib-nodep": {
            "locked": "3.2.2",
            "requested": "3.2.2"
        },
        "com.google.guava:guava": {
            "locked": "19.0",
            "requested": "19.0"
        },
        "commons-io:commons-io": {
            "locked": "2.5",
            "requested": "2.5"
        },
        "org.objenesis:objenesis": {
            "locked": "2.4",
            "requested": "2.4"
        },
        "org.spockframework:spock-core": {
            "locked": "1.1-groovy-2.4-rc-4",
            "requested": "1.1-groovy-2.4-rc-4"
        }
    },
    "default": {
        "cglib:cglib-nodep": {
            "locked": "3.2.2",
            "requested": "3.2.2"
        },
        "com.google.guava:guava": {
            "locked": "19.0",
            "requested": "19.0"
        },
        "commons-io:commons-io": {
            "locked": "2.5",
            "requested": "2.5"
        },
        "org.objenesis:objenesis": {
            "locked": "2.4",
            "requested": "2.4"
        },
        "org.spockframework:spock-core": {
            "locked": "1.1-groovy-2.4-rc-4",
            "requested": "1.1-groovy-2.4-rc-4"
        }
    },
    "integTestCompile": {
        "cglib:cglib-nodep": {
            "firstLevelTransitive": [
                "com.netflix.nebula:nebula-test"
            ],
            "locked": "3.2.2",
            "requested": "3.2.2"
        },
        "com.google.guava:guava": {
            "firstLevelTransitive": [
                "com.netflix.nebula:nebula-test"
            ],
            "locked": "19.0",
            "requested": "19.0"
        },
        "com.netflix.nebula:nebula-test": {
            "project": true,
            "requested": "6.0.0"
        },
        "commons-io:commons-io": {
            "firstLevelTransitive": [
                "com.netflix.nebula:nebula-test"
            ],
            "locked": "2.5",
            "requested": "2.5"
        },
        "org.objenesis:objenesis": {
            "firstLevelTransitive": [
                "com.netflix.nebula:nebula-test"
            ],
            "locked": "2.4",
            "requested": "2.4"
        },
        "org.spockframework:spock-core": {
            "firstLevelTransitive": [
                "com.netflix.nebula:nebula-test"
            ],
            "locked": "1.1-groovy-2.4-rc-4",
            "requested": "1.1-groovy-2.4-rc-4"
        }
    },
    "integTestCompileClasspath": {
        "cglib:cglib-nodep": {
            "firstLevelTransitive": [
                "com.netflix.nebula:nebula-test"
            ],
            "locked": "3.2.2",
            "requested": "3.2.2"
        },
        "com.google.guava:guava": {
            "firstLevelTransitive": [
                "com.netflix.nebula:nebula-test"
            ],
            "locked": "19.0",
            "requested": "19.0"
        },
        "com.netflix.nebula:nebula-test": {
            "project": true,
            "requested": "6.0.0"
        },
        "commons-io:commons-io": {
            "firstLevelTransitive": [
                "com.netflix.nebula:nebula-test"
            ],
            "locked": "2.5",
            "requested": "2.5"
        },
        "org.objenesis:objenesis": {
            "firstLevelTransitive": [
                "com.netflix.nebula:nebula-test"
            ],
            "locked": "2.4",
            "requested": "2.4"
        },
        "org.spockframework:spock-core": {
            "firstLevelTransitive": [
                "com.netflix.nebula:nebula-test"
            ],
            "locked": "1.1-groovy-2.4-rc-4",
            "requested": "1.1-groovy-2.4-rc-4"
        }
    },
    "integTestRuntime": {
        "cglib:cglib-nodep": {
            "firstLevelTransitive": [
                "com.netflix.nebula:nebula-test"
            ],
            "locked": "3.2.2",
            "requested": "3.2.2"
        },
        "com.google.guava:guava": {
            "firstLevelTransitive": [
                "com.netflix.nebula:nebula-test"
            ],
            "locked": "19.0",
            "requested": "19.0"
        },
        "com.netflix.nebula:nebula-test": {
            "project": true,
            "requested": "6.0.0"
        },
        "commons-io:commons-io": {
            "firstLevelTransitive": [
                "com.netflix.nebula:nebula-test"
            ],
            "locked": "2.5",
            "requested": "2.5"
        },
        "org.objenesis:objenesis": {
            "firstLevelTransitive": [
                "com.netflix.nebula:nebula-test"
            ],
            "locked": "2.4",
            "requested": "2.4"
        },
        "org.spockframework:spock-core": {
            "firstLevelTransitive": [
                "com.netflix.nebula:nebula-test"
            ],
            "locked": "1.1-groovy-2.4-rc-4",
            "requested": "1.1-groovy-2.4-rc-4"
        }
    },
    "integTestRuntimeClasspath": {
        "cglib:cglib-nodep": {
            "firstLevelTransitive": [
                "com.netflix.nebula:nebula-test"
            ],
            "locked": "3.2.2",
            "requested": "3.2.2"
        },
        "com.google.guava:guava": {
            "firstLevelTransitive": [
                "com.netflix.nebula:nebula-test"
            ],
            "locked": "19.0",
            "requested": "19.0"
        },
        "com.netflix.nebula:nebula-test": {
            "project": true,
            "requested": "6.0.0"
        },
        "commons-io:commons-io": {
            "firstLevelTransitive": [
                "com.netflix.nebula:nebula-test"
            ],
            "locked": "2.5",
            "requested": "2.5"
        },
        "org.objenesis:objenesis": {
            "firstLevelTransitive": [
                "com.netflix.nebula:nebula-test"
            ],
            "locked": "2.4",
            "requested": "2.4"
        },
        "org.spockframework:spock-core": {
            "firstLevelTransitive": [
                "com.netflix.nebula:nebula-test"
            ],
            "locked": "1.1-groovy-2.4-rc-4",
            "requested": "1.1-groovy-2.4-rc-4"
        }
    },
    "jacocoAgent": {
        "org.jacoco:org.jacoco.agent": {
            "locked": "0.7.8"
        }
    },
    "jacocoAnt": {
        "org.jacoco:org.jacoco.ant": {
            "locked": "0.7.8"
        }
    },
    "runtime": {
        "cglib:cglib-nodep": {
            "locked": "3.2.2",
            "requested": "3.2.2"
        },
        "com.google.guava:guava": {
            "locked": "19.0",
            "requested": "19.0"
        },
        "commons-io:commons-io": {
            "locked": "2.5",
            "requested": "2.5"
        },
        "org.objenesis:objenesis": {
            "locked": "2.4",
            "requested": "2.4"
        },
        "org.spockframework:spock-core": {
            "locked": "1.1-groovy-2.4-rc-4",
            "requested": "1.1-groovy-2.4-rc-4"
        }
    },
    "runtimeClasspath": {
        "cglib:cglib-nodep": {
            "locked": "3.2.2",
            "requested": "3.2.2"
        },
        "com.google.guava:guava": {
            "locked": "19.0",
            "requested": "19.0"
        },
        "commons-io:commons-io": {
            "locked": "2.5",
            "requested": "2.5"
        },
        "org.objenesis:objenesis": {
            "locked": "2.4",
            "requested": "2.4"
        },
        "org.spockframework:spock-core": {
            "locked": "1.1-groovy-2.4-rc-4",
            "requested": "1.1-groovy-2.4-rc-4"
        }
    },
    "testCompile": {
        "cglib:cglib-nodep": {
            "firstLevelTransitive": [
                "com.netflix.nebula:nebula-test"
            ],
            "locked": "3.2.2",
            "requested": "3.2.2"
        },
        "com.google.guava:guava": {
            "firstLevelTransitive": [
                "com.netflix.nebula:nebula-test"
            ],
            "locked": "19.0",
            "requested": "19.0"
        },
        "com.netflix.nebula:nebula-test": {
            "project": true,
            "requested": "6.0.0"
        },
        "commons-io:commons-io": {
            "firstLevelTransitive": [
                "com.netflix.nebula:nebula-test"
            ],
            "locked": "2.5",
            "requested": "2.5"
        },
        "org.objenesis:objenesis": {
            "firstLevelTransitive": [
                "com.netflix.nebula:nebula-test"
            ],
            "locked": "2.4",
            "requested": "2.4"
        },
        "org.spockframework:spock-core": {
            "firstLevelTransitive": [
                "com.netflix.nebula:nebula-test"
            ],
            "locked": "1.1-groovy-2.4-rc-4",
            "requested": "1.1-groovy-2.4-rc-4"
        }
    },
    "testCompileClasspath": {
        "cglib:cglib-nodep": {
            "firstLevelTransitive": [
                "com.netflix.nebula:nebula-test"
            ],
            "locked": "3.2.2",
            "requested": "3.2.2"
        },
        "com.google.guava:guava": {
            "firstLevelTransitive": [
                "com.netflix.nebula:nebula-test"
            ],
            "locked": "19.0",
            "requested": "19.0"
        },
        "com.netflix.nebula:nebula-test": {
            "project": true,
            "requested": "6.0.0"
        },
        "commons-io:commons-io": {
            "firstLevelTransitive": [
                "com.netflix.nebula:nebula-test"
            ],
            "locked": "2.5",
            "requested": "2.5"
        },
        "org.objenesis:objenesis": {
            "firstLevelTransitive": [
                "com.netflix.nebula:nebula-test"
            ],
            "locked": "2.4",
            "requested": "2.4"
        },
        "org.spockframework:spock-core": {
            "firstLevelTransitive": [
                "com.netflix.nebula:nebula-test"
            ],
            "locked": "1.1-groovy-2.4-rc-4",
            "requested": "1.1-groovy-2.4-rc-4"
        }
    },
    "testRuntime": {
        "cglib:cglib-nodep": {
            "firstLevelTransitive": [
                "com.netflix.nebula:nebula-test"
            ],
            "locked": "3.2.2",
            "requested": "3.2.2"
        },
        "com.google.guava:guava": {
            "firstLevelTransitive": [
                "com.netflix.nebula:nebula-test"
            ],
            "locked": "19.0",
            "requested": "19.0"
        },
        "com.netflix.nebula:nebula-test": {
            "project": true,
            "requested": "6.0.0"
        },
        "commons-io:commons-io": {
            "firstLevelTransitive": [
                "com.netflix.nebula:nebula-test"
            ],
            "locked": "2.5",
            "requested": "2.5"
        },
        "org.objenesis:objenesis": {
            "firstLevelTransitive": [
                "com.netflix.nebula:nebula-test"
            ],
            "locked": "2.4",
            "requested": "2.4"
        },
        "org.spockframework:spock-core": {
            "firstLevelTransitive": [
                "com.netflix.nebula:nebula-test"
            ],
            "locked": "1.1-groovy-2.4-rc-4",
            "requested": "1.1-groovy-2.4-rc-4"
        }
    },
    "testRuntimeClasspath": {
        "cglib:cglib-nodep": {
            "firstLevelTransitive": [
                "com.netflix.nebula:nebula-test"
            ],
            "locked": "3.2.2",
            "requested": "3.2.2"
        },
        "com.google.guava:guava": {
            "firstLevelTransitive": [
                "com.netflix.nebula:nebula-test"
            ],
            "locked": "19.0",
            "requested": "19.0"
        },
        "com.netflix.nebula:nebula-test": {
            "project": true,
            "requested": "6.0.0"
        },
        "commons-io:commons-io": {
            "firstLevelTransitive": [
                "com.netflix.nebula:nebula-test"
            ],
            "locked": "2.5",
            "requested": "2.5"
        },
        "org.objenesis:objenesis": {
            "firstLevelTransitive": [
                "com.netflix.nebula:nebula-test"
            ],
            "locked": "2.4",
            "requested": "2.4"
        },
        "org.spockframework:spock-core": {
            "firstLevelTransitive": [
                "com.netflix.nebula:nebula-test"
            ],
            "locked": "1.1-groovy-2.4-rc-4",
            "requested": "1.1-groovy-2.4-rc-4"
        }
    }
}