{
    "compile": {
        "cglib:cglib-nodep": {
            "locked": "3.2.2",
            "requested": "latest.release"
        },
        "com.google.guava:guava": {
            "locked": "19.0",
            "requested": "latest.release"
        },
        "commons-io:commons-io": {
            "locked": "2.5",
            "requested": "latest.release"
        },
        "org.spockframework:spock-core": {
            "locked": "1.0-groovy-2.4",
            "requested": "1.0-groovy-2.4"
        }
    },
    "compileClasspath": {
        "cglib:cglib-nodep": {
            "locked": "3.2.2",
            "requested": "latest.release"
        },
        "com.google.guava:guava": {
            "locked": "19.0",
            "requested": "latest.release"
        },
        "commons-io:commons-io": {
            "locked": "2.5",
            "requested": "latest.release"
        },
        "org.spockframework:spock-core": {
            "locked": "1.0-groovy-2.4",
            "requested": "1.0-groovy-2.4"
        }
    },
    "compileOnly": {
        "cglib:cglib-nodep": {
            "locked": "3.2.2",
            "requested": "latest.release"
        },
        "com.google.guava:guava": {
            "locked": "19.0",
            "requested": "latest.release"
        },
        "commons-io:commons-io": {
            "locked": "2.5",
            "requested": "latest.release"
        },
        "org.spockframework:spock-core": {
            "locked": "1.0-groovy-2.4",
            "requested": "1.0-groovy-2.4"
        }
    },
    "default": {
        "cglib:cglib-nodep": {
            "locked": "3.2.2",
            "requested": "latest.release"
        },
        "com.google.guava:guava": {
            "locked": "19.0",
            "requested": "latest.release"
        },
        "commons-io:commons-io": {
            "locked": "2.5",
            "requested": "latest.release"
        },
        "org.spockframework:spock-core": {
            "locked": "1.0-groovy-2.4",
            "requested": "1.0-groovy-2.4"
        }
    },
    "jacocoAgent": {
        "org.jacoco:org.jacoco.agent": {
            "locked": "0.7.6.201602180812"
        }
    },
    "jacocoAnt": {
        "org.jacoco:org.jacoco.ant": {
            "locked": "0.7.6.201602180812"
        }
    },
    "runtime": {
        "cglib:cglib-nodep": {
            "locked": "3.2.2",
            "requested": "latest.release"
        },
        "com.google.guava:guava": {
            "locked": "19.0",
            "requested": "latest.release"
        },
        "commons-io:commons-io": {
            "locked": "2.5",
            "requested": "latest.release"
        },
        "org.spockframework:spock-core": {
            "locked": "1.0-groovy-2.4",
            "requested": "1.0-groovy-2.4"
        }
    },
    "testCompile": {
        "cglib:cglib-nodep": {
            "firstLevelTransitive": [
                "com.netflix.nebula:nebula-test"
            ],
            "locked": "3.2.2",
            "requested": "latest.release"
        },
        "com.google.guava:guava": {
            "firstLevelTransitive": [
                "com.netflix.nebula:nebula-test"
            ],
            "locked": "19.0",
            "requested": "latest.release"
        },
        "com.netflix.nebula:nebula-test": {
            "project": true,
            "requested": "4.0.0"
        },
        "commons-io:commons-io": {
            "firstLevelTransitive": [
                "com.netflix.nebula:nebula-test"
            ],
            "locked": "2.5",
            "requested": "latest.release"
        },
        "org.spockframework:spock-core": {
            "firstLevelTransitive": [
                "com.netflix.nebula:nebula-test"
            ],
            "locked": "1.0-groovy-2.4",
            "requested": "1.0-groovy-2.4"
        }
    },
    "testCompileClasspath": {
        "cglib:cglib-nodep": {
            "firstLevelTransitive": [
                "com.netflix.nebula:nebula-test"
            ],
            "locked": "3.2.2",
            "requested": "latest.release"
        },
        "com.google.guava:guava": {
            "firstLevelTransitive": [
                "com.netflix.nebula:nebula-test"
            ],
            "locked": "19.0",
            "requested": "latest.release"
        },
        "com.netflix.nebula:nebula-test": {
            "project": true,
            "requested": "4.0.0"
        },
        "commons-io:commons-io": {
            "firstLevelTransitive": [
                "com.netflix.nebula:nebula-test"
            ],
            "locked": "2.5",
            "requested": "latest.release"
        },
        "org.spockframework:spock-core": {
            "firstLevelTransitive": [
                "com.netflix.nebula:nebula-test"
            ],
            "locked": "1.0-groovy-2.4",
            "requested": "1.0-groovy-2.4"
        }
    },
    "testCompileOnly": {
        "cglib:cglib-nodep": {
            "firstLevelTransitive": [
                "com.netflix.nebula:nebula-test"
            ],
            "locked": "3.2.2",
            "requested": "latest.release"
        },
        "com.google.guava:guava": {
            "firstLevelTransitive": [
                "com.netflix.nebula:nebula-test"
            ],
            "locked": "19.0",
            "requested": "latest.release"
        },
        "com.netflix.nebula:nebula-test": {
            "project": true,
            "requested": "4.0.0"
        },
        "commons-io:commons-io": {
            "firstLevelTransitive": [
                "com.netflix.nebula:nebula-test"
            ],
            "locked": "2.5",
            "requested": "latest.release"
        },
        "org.spockframework:spock-core": {
            "firstLevelTransitive": [
                "com.netflix.nebula:nebula-test"
            ],
            "locked": "1.0-groovy-2.4",
            "requested": "1.0-groovy-2.4"
        }
    },
    "testRuntime": {
        "cglib:cglib-nodep": {
            "firstLevelTransitive": [
                "com.netflix.nebula:nebula-test"
            ],
            "locked": "3.2.2",
            "requested": "latest.release"
        },
        "com.google.guava:guava": {
            "firstLevelTransitive": [
                "com.netflix.nebula:nebula-test"
            ],
            "locked": "19.0",
            "requested": "latest.release"
        },
        "com.netflix.nebula:nebula-test": {
            "project": true,
            "requested": "4.0.0"
        },
        "commons-io:commons-io": {
            "firstLevelTransitive": [
                "com.netflix.nebula:nebula-test"
            ],
            "locked": "2.5",
            "requested": "latest.release"
        },
        "org.spockframework:spock-core": {
            "firstLevelTransitive": [
                "com.netflix.nebula:nebula-test"
            ],
            "locked": "1.0-groovy-2.4",
            "requested": "1.0-groovy-2.4"
        }
    }
}