# This is a Gradle generated file for dependency locking.
# Manual edits can break the build and are not advised.
# This file is expected to be part of source control.
cglib:cglib-nodep:3.2.2=archRulesTestRuntimeClasspath,integTestRuntimeClasspath,runtimeClasspath,testRuntimeClasspath
com.netflix.nebula:nebula-archrules-core:0.1.3=archRulesRuntimeClasspath
com.netflix.nebula:nebula-archrules-core:0.5.2=archRulesCompileClasspath,archRulesTestCompileClasspath,archRulesTestRuntimeClasspath
com.tngtech.archunit:archunit:1.4.1=archRulesCompileClasspath,archRulesRuntimeClasspath,archRulesTestCompileClasspath,archRulesTestRuntimeClasspath
junit:junit:4.13.2=compileClasspath,integTestCompileClasspath,integTestRuntimeClasspath,testCompileClasspath,testRuntimeClasspath
net.bytebuddy:byte-buddy-agent:1.11.13=integTestCompileClasspath,integTestRuntimeClasspath,testCompileClasspath,testRuntimeClasspath
net.bytebuddy:byte-buddy:1.15.11=archRulesCompileClasspath,archRulesTestCompileClasspath,archRulesTestRuntimeClasspath,compileClasspath,integTestCompileClasspath,integTestRuntimeClasspath,runtimeClasspath,testCompileClasspath,testRuntimeClasspath
org.apache.groovy:groovy-bom:4.0.4=compileClasspath,integTestCompileClasspath,integTestRuntimeClasspath,testCompileClasspath,testRuntimeClasspath
org.apache.groovy:groovy:4.0.4=compileClasspath,integTestCompileClasspath,integTestRuntimeClasspath,testCompileClasspath,testRuntimeClasspath
org.apiguardian:apiguardian-api:1.1.2=archRulesCompileClasspath,archRulesTestCompileClasspath,compileClasspath,integTestCompileClasspath,testCompileClasspath
org.assertj:assertj-core:3.27.3=archRulesCompileClasspath,archRulesTestCompileClasspath,archRulesTestRuntimeClasspath,compileClasspath,integTestCompileClasspath,integTestRuntimeClasspath,runtimeClasspath,testCompileClasspath,testRuntimeClasspath
org.hamcrest:hamcrest-core:1.3=compileClasspath,integTestCompileClasspath,integTestRuntimeClasspath,testCompileClasspath,testRuntimeClasspath
org.hamcrest:hamcrest:2.2=compileClasspath,integTestCompileClasspath,integTestRuntimeClasspath,testCompileClasspath,testRuntimeClasspath
org.jetbrains.kotlin:kotlin-reflect:2.2.0=compileClasspath,embeddedKotlin,integTestCompileClasspath,integTestRuntimeClasspath,testCompileClasspath,testRuntimeClasspath
org.jetbrains.kotlin:kotlin-stdlib:2.2.0=archRulesCompileClasspath,archRulesRuntimeClasspath,archRulesTestCompileClasspath,archRulesTestRuntimeClasspath,compileClasspath,embeddedKotlin,integTestCompileClasspath,integTestRuntimeClasspath,testCompileClasspath,testRuntimeClasspath
org.jetbrains:annotations:13.0=archRulesCompileClasspath,archRulesRuntimeClasspath,archRulesTestCompileClasspath,archRulesTestRuntimeClasspath,compileClasspath,embeddedKotlin,integTestCompileClasspath,integTestRuntimeClasspath,testCompileClasspath,testRuntimeClasspath
org.jspecify:jspecify:1.0.0=archRulesCompileClasspath,archRulesTestCompileClasspath,archRulesTestRuntimeClasspath,compileClasspath,integTestCompileClasspath,integTestRuntimeClasspath,runtimeClasspath,testCompileClasspath,testRuntimeClasspath
org.junit.jupiter:junit-jupiter-api:5.14.1=archRulesTestCompileClasspath,archRulesTestRuntimeClasspath,integTestCompileClasspath,integTestRuntimeClasspath,testCompileClasspath,testRuntimeClasspath
org.junit.jupiter:junit-jupiter-engine:5.14.1=archRulesTestRuntimeClasspath,integTestCompileClasspath,integTestRuntimeClasspath,testCompileClasspath,testRuntimeClasspath
org.junit.jupiter:junit-jupiter-params:5.14.1=archRulesTestCompileClasspath,archRulesTestRuntimeClasspath,integTestCompileClasspath,integTestRuntimeClasspath,testCompileClasspath,testRuntimeClasspath
org.junit.jupiter:junit-jupiter:5.14.1=archRulesTestCompileClasspath,archRulesTestRuntimeClasspath
org.junit.platform:junit-platform-commons:1.14.1=archRulesCompileClasspath,archRulesTestCompileClasspath,archRulesTestRuntimeClasspath,compileClasspath,integTestCompileClasspath,integTestRuntimeClasspath,runtimeClasspath,testCompileClasspath,testRuntimeClasspath
org.junit.platform:junit-platform-engine:1.14.1=archRulesCompileClasspath,archRulesTestCompileClasspath,archRulesTestRuntimeClasspath,compileClasspath,integTestCompileClasspath,integTestRuntimeClasspath,runtimeClasspath,testCompileClasspath,testRuntimeClasspath
org.junit.platform:junit-platform-launcher:1.14.1=archRulesCompileClasspath,archRulesTestCompileClasspath,archRulesTestRuntimeClasspath,compileClasspath,integTestCompileClasspath,integTestRuntimeClasspath,runtimeClasspath,testCompileClasspath,testRuntimeClasspath
org.junit:junit-bom:5.14.1=archRulesCompileClasspath,archRulesTestCompileClasspath,archRulesTestRuntimeClasspath,compileClasspath,integTestCompileClasspath,integTestRuntimeClasspath,runtimeClasspath,testCompileClasspath,testRuntimeClasspath
org.mockito:mockito-core:3.12.4=integTestCompileClasspath,integTestRuntimeClasspath,testCompileClasspath,testRuntimeClasspath
org.mockito:mockito-inline:3.12.4=integTestCompileClasspath,integTestRuntimeClasspath,testCompileClasspath,testRuntimeClasspath
org.objenesis:objenesis:2.4=archRulesTestRuntimeClasspath,runtimeClasspath
org.objenesis:objenesis:3.2=integTestCompileClasspath,integTestRuntimeClasspath,testCompileClasspath,testRuntimeClasspath
org.opentest4j:opentest4j:1.3.0=archRulesCompileClasspath,archRulesTestCompileClasspath,archRulesTestRuntimeClasspath,compileClasspath,integTestCompileClasspath,integTestRuntimeClasspath,runtimeClasspath,testCompileClasspath,testRuntimeClasspath
org.slf4j:slf4j-api:2.0.17=archRulesCompileClasspath,archRulesRuntimeClasspath,archRulesTestCompileClasspath,archRulesTestRuntimeClasspath
org.spockframework:spock-core:2.3-groovy-4.0=compileClasspath,integTestCompileClasspath,integTestRuntimeClasspath,testCompileClasspath,testRuntimeClasspath
org.spockframework:spock-junit4:2.3-groovy-4.0=compileClasspath,integTestCompileClasspath,integTestRuntimeClasspath,testCompileClasspath,testRuntimeClasspath
uk.org.webcompere:system-stubs-core:2.0.1=integTestCompileClasspath,integTestRuntimeClasspath,testCompileClasspath,testRuntimeClasspath
uk.org.webcompere:system-stubs-junit4:2.0.1=integTestCompileClasspath,integTestRuntimeClasspath,testCompileClasspath,testRuntimeClasspath
empty=annotationProcessor,archRulesAnnotationProcessor,archRulesTestAnnotationProcessor,integTestAnnotationProcessor,testAnnotationProcessor
